
Microsoft Visual Studio Solution File, Format Version 12.00
# Visual Studio 15
VisualStudioVersion = 15.0.27130.2026
MinimumVisualStudioVersion = 10.0.40219.1
Project("{9A19103F-16F7-4668-BE54-9A1E7A4F7556}") = "Shuttle.Sentinel", "Shuttle.Sentinel\Shuttle.Sentinel.csproj", "{9048BEFD-D559-4EDD-B646-2A7630FACA24}"
EndProject
Project("{00D1A9C2-B5F0-4AF3-8072-F6C62B433612}") = "Shuttle.Sentinel.Database", "Shuttle.Sentinel.Database\Shuttle.Sentinel.Database.sqlproj", "{6531079E-4DCD-4775-A835-3B8FF637E054}"
EndProject
Project("{9A19103F-16F7-4668-BE54-9A1E7A4F7556}") = "Shuttle.Sentinel.Messages", "Shuttle.Sentinel.Messages\Shuttle.Sentinel.Messages.csproj", "{239206AA-4587-4BE1-9126-0BD76854A5E2}"
EndProject
Project("{9A19103F-16F7-4668-BE54-9A1E7A4F7556}") = "Shuttle.Sentinel.Tests", "Shuttle.Sentinel.Tests\Shuttle.Sentinel.Tests.csproj", "{189391D4-60F7-4598-80EA-DBDE245C509F}"
EndProject
Project("{9A19103F-16F7-4668-BE54-9A1E7A4F7556}") = "Shuttle.Sentinel.WebApi", "Shuttle.Sentinel.WebApi\Shuttle.Sentinel.WebApi.csproj", "{015F9935-F0B2-41AA-B94B-1AC3E031DF2A}"
EndProject
Project("{9A19103F-16F7-4668-BE54-9A1E7A4F7556}") = "Shuttle.Sentinel.Server", "Shuttle.Sentinel.Server\Shuttle.Sentinel.Server.csproj", "{2B2C63B2-58CD-4E5D-A3C3-9D6B0E93267B}"
EndProject
Global
	GlobalSection(SolutionConfigurationPlatforms) = preSolution
		Debug|Any CPU = Debug|Any CPU
		Release|Any CPU = Release|Any CPU
	EndGlobalSection
	GlobalSection(ProjectConfigurationPlatforms) = postSolution
		{9048BEFD-D559-4EDD-B646-2A7630FACA24}.Debug|Any CPU.ActiveCfg = Debug|Any CPU
		{9048BEFD-D559-4EDD-B646-2A7630FACA24}.Debug|Any CPU.Build.0 = Debug|Any CPU
		{9048BEFD-D559-4EDD-B646-2A7630FACA24}.Release|Any CPU.ActiveCfg = Release|Any CPU
		{9048BEFD-D559-4EDD-B646-2A7630FACA24}.Release|Any CPU.Build.0 = Release|Any CPU
		{6531079E-4DCD-4775-A835-3B8FF637E054}.Debug|Any CPU.ActiveCfg = Debug|Any CPU
		{6531079E-4DCD-4775-A835-3B8FF637E054}.Debug|Any CPU.Build.0 = Debug|Any CPU
		{6531079E-4DCD-4775-A835-3B8FF637E054}.Debug|Any CPU.Deploy.0 = Debug|Any CPU
		{6531079E-4DCD-4775-A835-3B8FF637E054}.Release|Any CPU.ActiveCfg = Release|Any CPU
		{6531079E-4DCD-4775-A835-3B8FF637E054}.Release|Any CPU.Build.0 = Release|Any CPU
		{6531079E-4DCD-4775-A835-3B8FF637E054}.Release|Any CPU.Deploy.0 = Release|Any CPU
		{239206AA-4587-4BE1-9126-0BD76854A5E2}.Debug|Any CPU.ActiveCfg = Debug|Any CPU
		{239206AA-4587-4BE1-9126-0BD76854A5E2}.Debug|Any CPU.Build.0 = Debug|Any CPU
		{239206AA-4587-4BE1-9126-0BD76854A5E2}.Release|Any CPU.ActiveCfg = Release|Any CPU
		{239206AA-4587-4BE1-9126-0BD76854A5E2}.Release|Any CPU.Build.0 = Release|Any CPU
		{189391D4-60F7-4598-80EA-DBDE245C509F}.Debug|Any CPU.ActiveCfg = Debug|Any CPU
		{189391D4-60F7-4598-80EA-DBDE245C509F}.Debug|Any CPU.Build.0 = Debug|Any CPU
		{189391D4-60F7-4598-80EA-DBDE245C509F}.Release|Any CPU.ActiveCfg = Release|Any CPU
		{189391D4-60F7-4598-80EA-DBDE245C509F}.Release|Any CPU.Build.0 = Release|Any CPU
		{015F9935-F0B2-41AA-B94B-1AC3E031DF2A}.Debug|Any CPU.ActiveCfg = Debug|Any CPU
		{015F9935-F0B2-41AA-B94B-1AC3E031DF2A}.Debug|Any CPU.Build.0 = Debug|Any CPU
		{015F9935-F0B2-41AA-B94B-1AC3E031DF2A}.Release|Any CPU.ActiveCfg = Release|Any CPU
		{015F9935-F0B2-41AA-B94B-1AC3E031DF2A}.Release|Any CPU.Build.0 = Release|Any CPU
		{2B2C63B2-58CD-4E5D-A3C3-9D6B0E93267B}.Debug|Any CPU.ActiveCfg = Debug|Any CPU
		{2B2C63B2-58CD-4E5D-A3C3-9D6B0E93267B}.Debug|Any CPU.Build.0 = Debug|Any CPU
		{2B2C63B2-58CD-4E5D-A3C3-9D6B0E93267B}.Release|Any CPU.ActiveCfg = Release|Any CPU
		{2B2C63B2-58CD-4E5D-A3C3-9D6B0E93267B}.Release|Any CPU.Build.0 = Release|Any CPU
	EndGlobalSection
	GlobalSection(SolutionProperties) = preSolution
		HideSolutionNode = FALSE
	EndGlobalSection
	GlobalSection(ExtensibilityGlobals) = postSolution
		SolutionGuid = {A29CDD1D-5C2B-40E0-A9EE-D75E9F5EFF8D}
	EndGlobalSection
EndGlobal
